{
    "_readme": [
        "This file locks the dependencies of your project to a known state",
        "Read more about it at https://getcomposer.org/doc/01-basic-usage.md#installing-dependencies",
        "This file is @generated automatically"
    ],
    "content-hash": "bc4f5966261b68cfd38e4a3128a7cf3f",
    "packages": [
        {
            "name": "doctrine/inflector",
            "version": "2.1.x-dev",
            "dist": {
                "type": "zip",
                "url": "https://mirrors.cloud.tencent.com/repository/composer/doctrine/inflector/2.1.x-dev/doctrine-inflector-2.1.x-dev.zip",
                "reference": "bf265da9f831e46e646c7a01b59ee8a33f8c0365",
                "shasum": ""
            },
            "require": {
                "php": "^7.2 || ^8.0"
            },
            "require-dev": {
                "doctrine/coding-standard": "^11.0",
                "phpstan/phpstan": "^1.8",
                "phpstan/phpstan-phpunit": "^1.1",
                "phpstan/phpstan-strict-rules": "^1.3",
                "phpunit/phpunit": "^8.5 || ^9.5",
                "vimeo/psalm": "^4.25 || ^5.4"
            },
            "type": "library",
            "autoload": {
                "psr-4": {
                    "Doctrine\\Inflector\\": "lib/Doctrine/Inflector"
                }
            },
            "license": [
                "MIT"
            ],
            "authors": [
                {
                    "name": "Guilherme Blanco",
                    "email": "guilhermeblanco@gmail.com"
                },
                {
                    "name": "Roman Borschel",
                    "email": "roman@code-factory.org"
                },
                {
                    "name": "Benjamin Eberlei",
                    "email": "kontakt@beberlei.de"
                },
                {
                    "name": "Jonathan Wage",
                    "email": "jonwage@gmail.com"
                },
                {
                    "name": "Johannes Schmitt",
                    "email": "schmittjoh@gmail.com"
                }
            ],
            "description": "PHP Doctrine Inflector is a small library that can perform string manipulations with regard to upper/lowercase and singular/plural forms of words.",
            "homepage": "https://www.doctrine-project.org/projects/inflector.html",
            "keywords": [
                "inflection",
                "inflector",
                "lowercase",
                "manipulation",
                "php",
                "plural",
                "singular",
                "strings",
                "uppercase",
                "words"
            ],
            "time": "2023-01-15T14:40:19+00:00"
        },
        {
            "name": "illuminate/collections",
            "version": "10.x-dev",
            "dist": {
                "type": "zip",
                "url": "https://mirrors.cloud.tencent.com/repository/composer/illuminate/collections/10.x-dev/illuminate-collections-10.x-dev.zip",
                "reference": "123c07b435978e8d25fe64060d32db627cc23ed0",
                "shasum": ""
            },
            "require": {
                "illuminate/conditionable": "^10.0",
                "illuminate/contracts": "^10.0",
                "illuminate/macroable": "^10.0",
                "php": "^8.1"
            },
            "suggest": {
                "symfony/var-dumper": "Required to use the dump method (^6.2)."
            },
            "type": "library",
            "extra": {
                "branch-alias": {
                    "dev-master": "10.x-dev"
                }
            },
            "autoload": {
                "files": [
                    "helpers.php"
                ],
                "psr-4": {
                    "Illuminate\\Support\\": ""
                }
            },
            "license": [
                "MIT"
            ],
            "authors": [
                {
                    "name": "Taylor Otwell",
                    "email": "taylor@laravel.com"
                }
            ],
            "description": "The Illuminate Collections package.",
            "homepage": "https://laravel.com",
            "time": "2023-05-03T18:19:29+00:00"
        },
        {
            "name": "illuminate/conditionable",
            "version": "10.x-dev",
            "dist": {
                "type": "zip",
                "url": "https://mirrors.cloud.tencent.com/repository/composer/illuminate/conditionable/10.x-dev/illuminate-conditionable-10.x-dev.zip",
                "reference": "d0958e4741fc9d6f516a552060fd1b829a85e009",
                "shasum": ""
            },
            "require": {
                "php": "^8.0.2"
            },
            "type": "library",
            "extra": {
                "branch-alias": {
                    "dev-master": "10.x-dev"
                }
            },
            "autoload": {
                "psr-4": {
                    "Illuminate\\Support\\": ""
                }
            },
            "license": [
                "MIT"
            ],
            "authors": [
                {
                    "name": "Taylor Otwell",
                    "email": "taylor@laravel.com"
                }
            ],
            "description": "The Illuminate Conditionable package.",
            "homepage": "https://laravel.com",
            "time": "2023-02-03T08:06:17+00:00"
        },
        {
            "name": "illuminate/contracts",
            "version": "10.x-dev",
            "dist": {
                "type": "zip",
                "url": "https://mirrors.cloud.tencent.com/repository/composer/illuminate/contracts/10.x-dev/illuminate-contracts-10.x-dev.zip",
                "reference": "0f8b766d66df7e0784ea73cfe4caf7a48b623f53",
                "shasum": ""
            },
            "require": {
                "php": "^8.1",
                "psr/container": "^1.1.1|^2.0.1",
                "psr/simple-cache": "^1.0|^2.0|^3.0"
            },
            "type": "library",
            "extra": {
                "branch-alias": {
                    "dev-master": "10.x-dev"
                }
            },
            "autoload": {
                "psr-4": {
                    "Illuminate\\Contracts\\": ""
                }
            },
            "license": [
                "MIT"
            ],
            "authors": [
                {
                    "name": "Taylor Otwell",
                    "email": "taylor@laravel.com"
                }
            ],
            "description": "The Illuminate Contracts package.",
            "homepage": "https://laravel.com",
            "time": "2023-05-01T15:41:14+00:00"
        },
        {
            "name": "illuminate/macroable",
            "version": "10.x-dev",
            "dist": {
                "type": "zip",
                "url": "https://mirrors.cloud.tencent.com/repository/composer/illuminate/macroable/10.x-dev/illuminate-macroable-10.x-dev.zip",
                "reference": "6b80109438161d45a5f2bdf7ecdd56cbd0096c3d",
                "shasum": ""
            },
            "require": {
                "php": "^8.1"
            },
            "type": "library",
            "extra": {
                "branch-alias": {
                    "dev-master": "10.x-dev"
                }
            },
            "autoload": {
                "psr-4": {
                    "Illuminate\\Support\\": ""
                }
            },
            "license": [
                "MIT"
            ],
            "authors": [
                {
                    "name": "Taylor Otwell",
                    "email": "taylor@laravel.com"
                }
            ],
            "description": "The Illuminate Macroable package.",
            "homepage": "https://laravel.com",
            "time": "2023-03-17T13:33:11+00:00"
        },
        {
            "name": "illuminate/support",
            "version": "10.x-dev",
            "dist": {
                "type": "zip",
                "url": "https://mirrors.cloud.tencent.com/repository/composer/illuminate/support/10.x-dev/illuminate-support-10.x-dev.zip",
                "reference": "6f5640199d88475c0b6c1445e88afe424f0c16b6",
                "shasum": ""
            },
            "require": {
                "doctrine/inflector": "^2.0",
                "ext-ctype": "*",
                "ext-filter": "*",
                "ext-mbstring": "*",
                "illuminate/collections": "^10.0",
                "illuminate/conditionable": "^10.0",
                "illuminate/contracts": "^10.0",
                "illuminate/macroable": "^10.0",
                "nesbot/carbon": "^2.62.1",
                "php": "^8.1",
                "voku/portable-ascii": "^2.0"
            },
            "conflict": {
                "tightenco/collect": "<5.5.33"
            },
            "suggest": {
                "illuminate/filesystem": "Required to use the composer class (^10.0).",
                "league/commonmark": "Required to use Str::markdown() and Stringable::markdown() (^2.0.2).",
                "ramsey/uuid": "Required to use Str::uuid() (^4.7).",
                "symfony/process": "Required to use the composer class (^6.2).",
                "symfony/uid": "Required to use Str::ulid() (^6.2).",
                "symfony/var-dumper": "Required to use the dd function (^6.2).",
                "vlucas/phpdotenv": "Required to use the Env class and env helper (^5.4.1)."
            },
            "type": "library",
            "extra": {
                "branch-alias": {
                    "dev-master": "10.x-dev"
                }
            },
            "autoload": {
                "files": [
                    "helpers.php"
                ],
                "psr-4": {
                    "Illuminate\\Support\\": ""
                }
            },
            "license": [
                "MIT"
            ],
            "authors": [
                {
                    "name": "Taylor Otwell",
                    "email": "taylor@laravel.com"
                }
            ],
            "description": "The Illuminate Support package.",
            "homepage": "https://laravel.com",
            "time": "2023-05-05T17:00:49+00:00"
        },
        {
            "name": "nesbot/carbon",
            "version": "dev-master",
            "dist": {
                "type": "zip",
                "url": "https://mirrors.cloud.tencent.com/repository/composer/nesbot/carbon/dev-master/nesbot-carbon-dev-master.zip",
                "reference": "7df3ea7802f768e7769c402da015dae169c44eb5",
                "shasum": ""
            },
            "require": {
                "ext-json": "*",
                "php": "^7.1.8 || ^8.0",
                "symfony/polyfill-mbstring": "^1.0",
                "symfony/polyfill-php80": "^1.16",
                "symfony/translation": "^3.4 || ^4.0 || ^5.0 || ^6.0"
            },
            "require-dev": {
                "doctrine/dbal": "^2.0 || ^3.1.4",
                "doctrine/orm": "^2.7",
                "friendsofphp/php-cs-fixer": "^3.0",
                "kylekatarnls/multi-tester": "^2.0",
                "ondrejmirtes/better-reflection": "*",
                "phpmd/phpmd": "^2.9",
                "phpstan/extension-installer": "^1.0",
                "phpstan/phpstan": "^0.12.99 || ^1.7.14",
                "phpunit/php-file-iterator": "^2.0.5 || ^3.0.6",
                "phpunit/phpunit": "^7.5.20 || ^8.5.26 || ^9.5.20",
                "squizlabs/php_codesniffer": "^3.4"
            },
            "bin": [
                "bin/carbon"
            ],
            "type": "library",
            "extra": {
                "branch-alias": {
                    "dev-3.x": "3.x-dev",
                    "dev-master": "2.x-dev"
                },
                "laravel": {
                    "providers": [
                        "Carbon\\Laravel\\ServiceProvider"
                    ]
                },
                "phpstan": {
                    "includes": [
                        "extension.neon"
                    ]
                }
            },
            "autoload": {
                "psr-4": {
                    "Carbon\\": "src/Carbon/"
                }
            },
            "license": [
                "MIT"
            ],
            "authors": [
                {
                    "name": "Brian Nesbitt",
                    "email": "brian@nesbot.com",
                    "homepage": "https://markido.com"
                },
                {
                    "name": "kylekatarnls",
                    "homepage": "https://github.com/kylekatarnls"
                }
            ],
            "description": "An API extension for DateTime that supports 281 different languages.",
            "homepage": "https://carbon.nesbot.com",
            "keywords": [
                "date",
                "datetime",
                "time"
            ],
            "time": "2023-04-25T13:58:23+00:00"
        },
        {
            "name": "psr/container",
            "version": "dev-master",
            "dist": {
                "type": "zip",
                "url": "https://mirrors.cloud.tencent.com/repository/composer/psr/container/dev-master/psr-container-dev-master.zip",
                "reference": "90db7b9ac2a2c5b849fcb69dde58f3ae182c68f5",
                "shasum": ""
            },
            "require": {
                "php": ">=7.4.0"
            },
            "type": "library",
            "extra": {
                "branch-alias": {
                    "dev-master": "2.0.x-dev"
                }
            },
            "autoload": {
                "psr-4": {
                    "Psr\\Container\\": "src/"
                }
            },
            "license": [
                "MIT"
            ],
            "authors": [
                {
                    "name": "PHP-FIG",
                    "homepage": "https://www.php-fig.org/"
                }
            ],
            "description": "Common Container Interface (PHP FIG PSR-11)",
            "homepage": "https://github.com/php-fig/container",
            "keywords": [
                "PSR-11",
                "container",
                "container-interface",
                "container-interop",
                "psr"
            ],
            "time": "2022-07-19T17:36:59+00:00"
        },
        {
            "name": "psr/simple-cache",
            "version": "dev-master",
            "dist": {
                "type": "zip",
                "url": "https://mirrors.cloud.tencent.com/repository/composer/psr/simple-cache/dev-master/psr-simple-cache-dev-master.zip",
                "reference": "2d280c2aaa23a120f35d55cfde8581954a8e77fa",
                "shasum": ""
            },
            "require": {
                "php": ">=8.0.0"
            },
            "type": "library",
            "extra": {
                "branch-alias": {
                    "dev-master": "3.0.x-dev"
                }
            },
            "autoload": {
                "psr-4": {
                    "Psr\\SimpleCache\\": "src/"
                }
            },
            "license": [
                "MIT"
            ],
            "authors": [
                {
                    "name": "PHP-FIG",
                    "homepage": "https://www.php-fig.org/"
                }
            ],
            "description": "Common interfaces for simple caching",
            "keywords": [
                "cache",
                "caching",
                "psr",
                "psr-16",
                "simple-cache"
            ],
            "time": "2022-04-08T16:41:45+00:00"
        },
        {
            "name": "symfony/polyfill-mbstring",
            "version": "dev-main",
            "dist": {
                "type": "zip",
                "url": "https://mirrors.cloud.tencent.com/repository/composer/symfony/polyfill-mbstring/dev-main/symfony-polyfill-mbstring-dev-main.zip",
                "reference": "f9c7affe77a00ae32ca127ca6833d034e6d33f25",
                "shasum": ""
            },
            "require": {
                "php": ">=7.1"
            },
            "provide": {
                "ext-mbstring": "*"
            },
            "suggest": {
                "ext-mbstring": "For best performance"
            },
            "type": "library",
            "extra": {
                "branch-alias": {
                    "dev-main": "1.28-dev"
                },
                "thanks": {
                    "name": "symfony/polyfill",
                    "url": "https://github.com/symfony/polyfill"
                }
            },
            "autoload": {
                "files": [
                    "bootstrap.php"
                ],
                "psr-4": {
                    "Symfony\\Polyfill\\Mbstring\\": ""
                }
            },
            "license": [
                "MIT"
            ],
            "authors": [
                {
                    "name": "Nicolas Grekas",
                    "email": "p@tchwork.com"
                },
                {
                    "name": "Symfony Community",
                    "homepage": "https://symfony.com/contributors"
                }
            ],
            "description": "Symfony polyfill for the Mbstring extension",
            "homepage": "https://symfony.com",
            "keywords": [
                "compatibility",
                "mbstring",
                "polyfill",
                "portable",
                "shim"
            ],
            "time": "2023-01-30T17:25:47+00:00"
        },
        {
            "name": "symfony/polyfill-php80",
            "version": "dev-main",
            "dist": {
                "type": "zip",
                "url": "https://mirrors.cloud.tencent.com/repository/composer/symfony/polyfill-php80/dev-main/symfony-polyfill-php80-dev-main.zip",
                "reference": "6caa57379c4aec19c0a12a38b59b26487dcfe4b5",
                "shasum": ""
            },
            "require": {
                "php": ">=7.1"
            },
            "type": "library",
            "extra": {
                "branch-alias": {
                    "dev-main": "1.28-dev"
                },
                "thanks": {
                    "name": "symfony/polyfill",
                    "url": "https://github.com/symfony/polyfill"
                }
            },
            "autoload": {
                "files": [
                    "bootstrap.php"
                ],
                "psr-4": {
                    "Symfony\\Polyfill\\Php80\\": ""
                },
                "classmap": [
                    "Resources/stubs"
                ]
            },
            "license": [
                "MIT"
            ],
            "authors": [
                {
                    "name": "Ion Bazan",
                    "email": "ion.bazan@gmail.com"
                },
                {
                    "name": "Nicolas Grekas",
                    "email": "p@tchwork.com"
                },
                {
                    "name": "Symfony Community",
                    "homepage": "https://symfony.com/contributors"
                }
            ],
            "description": "Symfony polyfill backporting some PHP 8.0+ features to lower PHP versions",
            "homepage": "https://symfony.com",
            "keywords": [
                "compatibility",
                "polyfill",
                "portable",
                "shim"
            ],
            "time": "2023-01-26T09:26:14+00:00"
        },
        {
            "name": "symfony/translation",
            "version": "6.3.x-dev",
            "dist": {
                "type": "zip",
                "url": "https://mirrors.cloud.tencent.com/repository/composer/symfony/translation/6.3.x-dev/symfony-translation-6.3.x-dev.zip",
                "reference": "8bf7f410f7ff9cfb43f927fb4ec978505beb11d8",
                "shasum": ""
            },
            "require": {
                "php": ">=8.1",
                "symfony/polyfill-mbstring": "~1.0",
                "symfony/translation-contracts": "^2.5|^3.0"
            },
            "conflict": {
                "symfony/config": "<5.4",
                "symfony/console": "<5.4",
                "symfony/dependency-injection": "<5.4",
                "symfony/http-client-contracts": "<2.5",
                "symfony/http-kernel": "<5.4",
                "symfony/service-contracts": "<2.5",
                "symfony/twig-bundle": "<5.4",
                "symfony/yaml": "<5.4"
            },
            "provide": {
                "symfony/translation-implementation": "2.3|3.0"
            },
            "require-dev": {
                "nikic/php-parser": "^4.13",
                "psr/log": "^1|^2|^3",
                "symfony/config": "^5.4|^6.0",
                "symfony/console": "^5.4|^6.0",
                "symfony/dependency-injection": "^5.4|^6.0",
                "symfony/finder": "^5.4|^6.0",
                "symfony/http-client-contracts": "^2.5|^3.0",
                "symfony/http-kernel": "^5.4|^6.0",
                "symfony/intl": "^5.4|^6.0",
                "symfony/polyfill-intl-icu": "^1.21",
                "symfony/routing": "^5.4|^6.0",
                "symfony/service-contracts": "^2.5|^3",
                "symfony/yaml": "^5.4|^6.0"
            },
            "type": "library",
            "autoload": {
                "files": [
                    "Resources/functions.php"
                ],
                "psr-4": {
                    "Symfony\\Component\\Translation\\": ""
                },
                "exclude-from-classmap": [
                    "/Tests/"
                ]
            },
            "license": [
                "MIT"
            ],
            "authors": [
                {
                    "name": "Fabien Potencier",
                    "email": "fabien@symfony.com"
                },
                {
                    "name": "Symfony Community",
                    "homepage": "https://symfony.com/contributors"
                }
            ],
            "description": "Provides tools to internationalize your application",
            "homepage": "https://symfony.com",
            "time": "2023-04-28T15:57:00+00:00"
        },
        {
            "name": "symfony/translation-contracts",
            "version": "dev-main",
            "dist": {
                "type": "zip",
                "url": "https://mirrors.cloud.tencent.com/repository/composer/symfony/translation-contracts/dev-main/symfony-translation-contracts-dev-main.zip",
                "reference": "dfec258b9dd17a6b24420d464c43bffe347441c8",
                "shasum": ""
            },
            "require": {
                "php": ">=8.1"
            },
            "suggest": {
                "symfony/translation-implementation": ""
            },
            "type": "library",
            "extra": {
                "branch-alias": {
                    "dev-main": "3.3-dev"
                },
                "thanks": {
                    "name": "symfony/contracts",
                    "url": "https://github.com/symfony/contracts"
                }
            },
            "autoload": {
                "psr-4": {
                    "Symfony\\Contracts\\Translation\\": ""
                },
                "exclude-from-classmap": [
                    "/Test/"
                ]
            },
            "license": [
                "MIT"
            ],
            "authors": [
                {
                    "name": "Nicolas Grekas",
                    "email": "p@tchwork.com"
                },
                {
                    "name": "Symfony Community",
                    "homepage": "https://symfony.com/contributors"
                }
            ],
            "description": "Generic abstractions related to translation",
            "homepage": "https://symfony.com",
            "keywords": [
                "abstractions",
                "contracts",
                "decoupling",
                "interfaces",
                "interoperability",
                "standards"
            ],
            "time": "2023-03-01T10:32:47+00:00"
        },
        {
            "name": "voku/portable-ascii",
            "version": "2.0.1",
            "dist": {
                "type": "zip",
                "url": "https://mirrors.cloud.tencent.com/repository/composer/voku/portable-ascii/2.0.1/voku-portable-ascii-2.0.1.zip",
                "reference": "b56450eed252f6801410d810c8e1727224ae0743",
                "shasum": ""
            },
            "require": {
                "php": ">=7.0.0"
            },
            "require-dev": {
                "phpunit/phpunit": "~6.0 || ~7.0 || ~9.0"
            },
            "suggest": {
                "ext-intl": "Use Intl for transliterator_transliterate() support"
            },
            "type": "library",
            "autoload": {
                "psr-4": {
                    "voku\\": "src/voku/"
                }
            },
            "license": [
                "MIT"
            ],
            "authors": [
                {
                    "name": "Lars Moelleken",
                    "homepage": "http://www.moelleken.org/"
                }
            ],
            "description": "Portable ASCII library - performance optimized (ascii) string functions for php.",
            "homepage": "https://github.com/voku/portable-ascii",
            "keywords": [
                "ascii",
                "clean",
                "php"
            ],
            "time": "2022-03-08T17:03:00+00:00"
        }
    ],
    "packages-dev": [],
    "aliases": [],
    "minimum-stability": "dev",
    "stability-flags": [],
    "prefer-stable": false,
    "prefer-lowest": false,
    "platform": [],
    "platform-dev": [],
    "plugin-api-version": "2.3.0"
}
